// !$*UTF8*$!
{
	archiveVersion = 1;
	classes = {
	};
	objectVersion = 55;
	objects = {

/* Begin PBXBuildFile section */
		342F309F07BE17407D052CAC /* Pods_StockPrice.framework in Frameworks */ = {isa = PBXBuildFile; fileRef = 0B558D1829528505101DA3A9 /* Pods_StockPrice.framework */; };
		69FBE83528034EA4007DB713 /* AppDelegate.swift in Sources */ = {isa = PBXBuildFile; fileRef = 69FBE83428034EA4007DB713 /* AppDelegate.swift */; };
		69FBE83728034EA4007DB713 /* SceneDelegate.swift in Sources */ = {isa = PBXBuildFile; fileRef = 69FBE83628034EA4007DB713 /* SceneDelegate.swift */; };
		69FBE83928034EA4007DB713 /* ViewController.swift in Sources */ = {isa = PBXBuildFile; fileRef = 69FBE83828034EA4007DB713 /* ViewController.swift */; };
		69FBE83C28034EA4007DB713 /* Main.storyboard in Resources */ = {isa = PBXBuildFile; fileRef = 69FBE83A28034EA4007DB713 /* Main.storyboard */; };
		69FBE83E28034EA9007DB713 /* Assets.xcassets in Resources */ = {isa = PBXBuildFile; fileRef = 69FBE83D28034EA9007DB713 /* Assets.xcassets */; };
		69FBE84128034EA9007DB713 /* LaunchScreen.storyboard in Resources */ = {isa = PBXBuildFile; fileRef = 69FBE83F28034EA9007DB713 /* LaunchScreen.storyboard */; };
		69FBE84A28035B5D007DB713 /* APIKeyFile.swift in Sources */ = {isa = PBXBuildFile; fileRef = 69FBE84928035B5D007DB713 /* APIKeyFile.swift */; };
		69FBE84C28035C08007DB713 /* APIURLs.swift in Sources */ = {isa = PBXBuildFile; fileRef = 69FBE84B28035C08007DB713 /* APIURLs.swift */; };
		69FBE85128035E86007DB713 /* NetworkingFile.swift in Sources */ = {isa = PBXBuildFile; fileRef = 69FBE85028035E86007DB713 /* NetworkingFile.swift */; };
		69FBE85428035EDF007DB713 /* StockModel.swift in Sources */ = {isa = PBXBuildFile; fileRef = 69FBE85328035EDF007DB713 /* StockModel.swift */; };
		69FBE85728036676007DB713 /* StockTableViewCell.swift in Sources */ = {isa = PBXBuildFile; fileRef = 69FBE85528036676007DB713 /* StockTableViewCell.swift */; };
		69FBE85828036676007DB713 /* StockTableViewCell.xib in Resources */ = {isa = PBXBuildFile; fileRef = 69FBE85628036676007DB713 /* StockTableViewCell.xib */; };
		69FBE85A280372D8007DB713 /* Protocol.swift in Sources */ = {isa = PBXBuildFile; fileRef = 69FBE859280372D8007DB713 /* Protocol.swift */; };
/* End PBXBuildFile section */

/* Begin PBXFileReference section */
		0B558D1829528505101DA3A9 /* Pods_StockPrice.framework */ = {isa = PBXFileReference; explicitFileType = wrapper.framework; includeInIndex = 0; path = Pods_StockPrice.framework; sourceTree = BUILT_PRODUCTS_DIR; };
		495DC2574ABE2FE58FE2ABE3 /* Pods-StockPrice.release.xcconfig */ = {isa = PBXFileReference; includeInIndex = 1; lastKnownFileType = text.xcconfig; name = "Pods-StockPrice.release.xcconfig"; path = "Target Support Files/Pods-StockPrice/Pods-StockPrice.release.xcconfig"; sourceTree = "<group>"; };
		69FBE83128034EA4007DB713 /* StockPrice.app */ = {isa = PBXFileReference; explicitFileType = wrapper.application; includeInIndex = 0; path = StockPrice.app; sourceTree = BUILT_PRODUCTS_DIR; };
		69FBE83428034EA4007DB713 /* AppDelegate.swift */ = {isa = PBXFileReference; lastKnownFileType = sourcecode.swift; path = AppDelegate.swift; sourceTree = "<group>"; };
		69FBE83628034EA4007DB713 /* SceneDelegate.swift */ = {isa = PBXFileReference; lastKnownFileType = sourcecode.swift; path = SceneDelegate.swift; sourceTree = "<group>"; };
		69FBE83828034EA4007DB713 /* ViewController.swift */ = {isa = PBXFileReference; lastKnownFileType = sourcecode.swift; path = ViewController.swift; sourceTree = "<group>"; };
		69FBE83B28034EA4007DB713 /* Base */ = {isa = PBXFileReference; lastKnownFileType = file.storyboard; name = Base; path = Base.lproj/Main.storyboard; sourceTree = "<group>"; };
		69FBE83D28034EA9007DB713 /* Assets.xcassets */ = {isa = PBXFileReference; lastKnownFileType = folder.assetcatalog; path = Assets.xcassets; sourceTree = "<group>"; };
		69FBE84028034EA9007DB713 /* Base */ = {isa = PBXFileReference; lastKnownFileType = file.storyboard; name = Base; path = Base.lproj/LaunchScreen.storyboard; sourceTree = "<group>"; };
		69FBE84228034EA9007DB713 /* Info.plist */ = {isa = PBXFileReference; lastKnownFileType = text.plist.xml; path = Info.plist; sourceTree = "<group>"; };
		69FBE84928035B5D007DB713 /* APIKeyFile.swift */ = {isa = PBXFileReference; lastKnownFileType = sourcecode.swift; path = APIKeyFile.swift; sourceTree = "<group>"; };
		69FBE84B28035C08007DB713 /* APIURLs.swift */ = {isa = PBXFileReference; lastKnownFileType = sourcecode.swift; path = APIURLs.swift; sourceTree = "<group>"; };
		69FBE85028035E86007DB713 /* NetworkingFile.swift */ = {isa = PBXFileReference; lastKnownFileType = sourcecode.swift; path = NetworkingFile.swift; sourceTree = "<group>"; };
		69FBE85328035EDF007DB713 /* StockModel.swift */ = {isa = PBXFileReference; lastKnownFileType = sourcecode.swift; path = StockModel.swift; sourceTree = "<group>"; };
		69FBE85528036676007DB713 /* StockTableViewCell.swift */ = {isa = PBXFileReference; lastKnownFileType = sourcecode.swift; path = StockTableViewCell.swift; sourceTree = "<group>"; };
		69FBE85628036676007DB713 /* StockTableViewCell.xib */ = {isa = PBXFileReference; lastKnownFileType = file.xib; path = StockTableViewCell.xib; sourceTree = "<group>"; };
		69FBE859280372D8007DB713 /* Protocol.swift */ = {isa = PBXFileReference; lastKnownFileType = sourcecode.swift; path = Protocol.swift; sourceTree = "<group>"; };
		EECE12C43AFE27FFD7A18FB1 /* Pods-StockPrice.debug.xcconfig */ = {isa = PBXFileReference; includeInIndex = 1; lastKnownFileType = text.xcconfig; name = "Pods-StockPrice.debug.xcconfig"; path = "Target Support Files/Pods-StockPrice/Pods-StockPrice.debug.xcconfig"; sourceTree = "<group>"; };
/* End PBXFileReference section */

/* Begin PBXFrameworksBuildPhase section */
		69FBE82E28034EA4007DB713 /* Frameworks */ = {
			isa = PBXFrameworksBuildPhase;
			buildActionMask = 2147483647;
			files = (
				342F309F07BE17407D052CAC /* Pods_StockPrice.framework in Frameworks */,
			);
			runOnlyForDeploymentPostprocessing = 0;
		};
/* End PBXFrameworksBuildPhase section */

/* Begin PBXGroup section */
		2B5304A06B2776A7CBBB4EAC /* Frameworks */ = {
			isa = PBXGroup;
			children = (
				0B558D1829528505101DA3A9 /* Pods_StockPrice.framework */,
			);
			name = Frameworks;
			sourceTree = "<group>";
		};
		5AE714621E4011B323C83A44 /* Pods */ = {
			isa = PBXGroup;
			children = (
				EECE12C43AFE27FFD7A18FB1 /* Pods-StockPrice.debug.xcconfig */,
				495DC2574ABE2FE58FE2ABE3 /* Pods-StockPrice.release.xcconfig */,
			);
			path = Pods;
			sourceTree = "<group>";
		};
		69FBE82828034EA4007DB713 = {
			isa = PBXGroup;
			children = (
				69FBE83328034EA4007DB713 /* StockPrice */,
				69FBE83228034EA4007DB713 /* Products */,
				5AE714621E4011B323C83A44 /* Pods */,
				2B5304A06B2776A7CBBB4EAC /* Frameworks */,
			);
			sourceTree = "<group>";
		};
		69FBE83228034EA4007DB713 /* Products */ = {
			isa = PBXGroup;
			children = (
				69FBE83128034EA4007DB713 /* StockPrice.app */,
			);
			name = Products;
			sourceTree = "<group>";
		};
		69FBE83328034EA4007DB713 /* StockPrice */ = {
			isa = PBXGroup;
			children = (
				69FBE85228035EB7007DB713 /* Model */,
				69FBE84F28035E50007DB713 /* InitialController */,
				69FBE84828035B0F007DB713 /* Utilities */,
				69FBE83428034EA4007DB713 /* AppDelegate.swift */,
				69FBE83628034EA4007DB713 /* SceneDelegate.swift */,
				69FBE83828034EA4007DB713 /* ViewController.swift */,
				69FBE83A28034EA4007DB713 /* Main.storyboard */,
				69FBE83D28034EA9007DB713 /* Assets.xcassets */,
				69FBE83F28034EA9007DB713 /* LaunchScreen.storyboard */,
				69FBE84228034EA9007DB713 /* Info.plist */,
			);
			path = StockPrice;
			sourceTree = "<group>";
		};
		69FBE84828035B0F007DB713 /* Utilities */ = {
			isa = PBXGroup;
			children = (
				69FBE84928035B5D007DB713 /* APIKeyFile.swift */,
				69FBE84B28035C08007DB713 /* APIURLs.swift */,
				69FBE859280372D8007DB713 /* Protocol.swift */,
			);
			path = Utilities;
			sourceTree = "<group>";
		};
		69FBE84F28035E50007DB713 /* InitialController */ = {
			isa = PBXGroup;
			children = (
				69FBE85028035E86007DB713 /* NetworkingFile.swift */,
				69FBE85528036676007DB713 /* StockTableViewCell.swift */,
				69FBE85628036676007DB713 /* StockTableViewCell.xib */,
			);
			path = InitialController;
			sourceTree = "<group>";
		};
		69FBE85228035EB7007DB713 /* Model */ = {
			isa = PBXGroup;
			children = (
				69FBE85328035EDF007DB713 /* StockModel.swift */,
			);
			path = Model;
			sourceTree = "<group>";
		};
/* End PBXGroup section */

/* Begin PBXNativeTarget section */
		69FBE83028034EA4007DB713 /* StockPrice */ = {
			isa = PBXNativeTarget;
			buildConfigurationList = 69FBE84528034EA9007DB713 /* Build configuration list for PBXNativeTarget "StockPrice" */;
			buildPhases = (
				345538FEE1BD3F8AED0A3ECB /* [CP] Check Pods Manifest.lock */,
				69FBE82D28034EA4007DB713 /* Sources */,
				69FBE82E28034EA4007DB713 /* Frameworks */,
				69FBE82F28034EA4007DB713 /* Resources */,
				6EF149A372B0CB1469A53486 /* [CP] Embed Pods Frameworks */,
			);
			buildRules = (
			);
			dependencies = (
			);
			name = StockPrice;
			productName = StockPrice;
			productReference = 69FBE83128034EA4007DB713 /* StockPrice.app */;
			productType = "com.apple.product-type.application";
		};
/* End PBXNativeTarget section */

/* Begin PBXProject section */
		69FBE82928034EA4007DB713 /* Project object */ = {
			isa = PBXProject;
			attributes = {
				BuildIndependentTargetsInParallel = 1;
				LastSwiftUpdateCheck = 1320;
				LastUpgradeCheck = 1320;
				TargetAttributes = {
					69FBE83028034EA4007DB713 = {
						CreatedOnToolsVersion = 13.2.1;
					};
				};
			};
			buildConfigurationList = 69FBE82C28034EA4007DB713 /* Build configuration list for PBXProject "StockPrice" */;
			compatibilityVersion = "Xcode 13.0";
			developmentRegion = en;
			hasScannedForEncodings = 0;
			knownRegions = (
				en,
				Base,
			);
			mainGroup = 69FBE82828034EA4007DB713;
			productRefGroup = 69FBE83228034EA4007DB713 /* Products */;
			projectDirPath = "";
			projectRoot = "";
			targets = (
				69FBE83028034EA4007DB713 /* StockPrice */,
			);
		};
/* End PBXProject section */

/* Begin PBXResourcesBuildPhase section */
		69FBE82F28034EA4007DB713 /* Resources */ = {
			isa = PBXResourcesBuildPhase;
			buildActionMask = 2147483647;
			files = (
				69FBE84128034EA9007DB713 /* LaunchScreen.storyboard in Resources */,
				69FBE83E28034EA9007DB713 /* Assets.xcassets in Resources */,
				69FBE85828036676007DB713 /* StockTableViewCell.xib in Resources */,
				69FBE83C28034EA4007DB713 /* Main.storyboard in Resources */,
			);
			runOnlyForDeploymentPostprocessing = 0;
		};
/* End PBXResourcesBuildPhase section */

/* Begin PBXShellScriptBuildPhase section */
		345538FEE1BD3F8AED0A3ECB /* [CP] Check Pods Manifest.lock */ = {
			isa = PBXShellScriptBuildPhase;
			buildActionMask = 2147483647;
			files = (
			);
			inputFileListPaths = (
			);
			inputPaths = (
				"${PODS_PODFILE_DIR_PATH}/Podfile.lock",
				"${PODS_ROOT}/Manifest.lock",
			);
			name = "[CP] Check Pods Manifest.lock";
			outputFileListPaths = (
			);
			outputPaths = (
				"$(DERIVED_FILE_DIR)/Pods-StockPrice-checkManifestLockResult.txt",
			);
			runOnlyForDeploymentPostprocessing = 0;
			shellPath = /bin/sh;
			shellScript = "diff \"${PODS_PODFILE_DIR_PATH}/Podfile.lock\" \"${PODS_ROOT}/Manifest.lock\" > /dev/null\nif [ $? != 0 ] ; then\n    # print error to STDERR\n    echo \"error: The sandbox is not in sync with the Podfile.lock. Run 'pod install' or update your CocoaPods installation.\" >&2\n    exit 1\nfi\n# This output is used by Xcode 'outputs' to avoid re-running this script phase.\necho \"SUCCESS\" > \"${SCRIPT_OUTPUT_FILE_0}\"\n";
			showEnvVarsInLog = 0;
		};
		6EF149A372B0CB1469A53486 /* [CP] Embed Pods Frameworks */ = {
			isa = PBXShellScriptBuildPhase;
			buildActionMask = 2147483647;
			files = (
			);
			inputFileListPaths = (
				"${PODS_ROOT}/Target Support Files/Pods-StockPrice/Pods-StockPrice-frameworks-${CONFIGURATION}-input-files.xcfilelist",
			);
			name = "[CP] Embed Pods Frameworks";
			outputFileListPaths = (
				"${PODS_ROOT}/Target Support Files/Pods-StockPrice/Pods-StockPrice-frameworks-${CONFIGURATION}-output-files.xcfilelist",
			);
			runOnlyForDeploymentPostprocessing = 0;
			shellPath = /bin/sh;
			shellScript = "\"${PODS_ROOT}/Target Support Files/Pods-StockPrice/Pods-StockPrice-frameworks.sh\"\n";
			showEnvVarsInLog = 0;
		};
/* End PBXShellScriptBuildPhase section */

/* Begin PBXSourcesBuildPhase section */
		69FBE82D28034EA4007DB713 /* Sources */ = {
			isa = PBXSourcesBuildPhase;
			buildActionMask = 2147483647;
			files = (
				69FBE83928034EA4007DB713 /* ViewController.swift in Sources */,
				69FBE83528034EA4007DB713 /* AppDelegate.swift in Sources */,
				69FBE85728036676007DB713 /* StockTableViewCell.swift in Sources */,
				69FBE85428035EDF007DB713 /* StockModel.swift in Sources */,
				69FBE84A28035B5D007DB713 /* APIKeyFile.swift in Sources */,
				69FBE85A280372D8007DB713 /* Protocol.swift in Sources */,
				69FBE84C28035C08007DB713 /* APIURLs.swift in Sources */,
				69FBE83728034EA4007DB713 /* SceneDelegate.swift in Sources */,
				69FBE85128035E86007DB713 /* NetworkingFile.swift in Sources */,
			);
			runOnlyForDeploymentPostprocessing = 0;
		};
/* End PBXSourcesBuildPhase section */

/* Begin PBXVariantGroup section */
		69FBE83A28034EA4007DB713 /* Main.storyboard */ = {
			isa = PBXVariantGroup;
			children = (
				69FBE83B28034EA4007DB713 /* Base */,
			);
			name = Main.storyboard;
			sourceTree = "<group>";
		};
		69FBE83F28034EA9007DB713 /* LaunchScreen.storyboard */ = {
			isa = PBXVariantGroup;
			children = (
				69FBE84028034EA9007DB713 /* Base */,
			);
			name = LaunchScreen.storyboard;
			sourceTree = "<group>";
		};
/* End PBXVariantGroup section */

/* Begin XCBuildConfiguration section */
		69FBE84328034EA9007DB713 /* Debug */ = {
			isa = XCBuildConfiguration;
			buildSettings = {
				ALWAYS_SEARCH_USER_PATHS = NO;
				CLANG_ANALYZER_NONNULL = YES;
				CLANG_ANALYZER_NUMBER_OBJECT_CONVERSION = YES_AGGRESSIVE;
				CLANG_CXX_LANGUAGE_STANDARD = "gnu++17";
				CLANG_CXX_LIBRARY = "libc++";
				CLANG_ENABLE_MODULES = YES;
				CLANG_ENABLE_OBJC_ARC = YES;
				CLANG_ENABLE_OBJC_WEAK = YES;
				CLANG_WARN_BLOCK_CAPTURE_AUTORELEASING = YES;
				CLANG_WARN_BOOL_CONVERSION = YES;
				CLANG_WARN_COMMA = YES;
				CLANG_WARN_CONSTANT_CONVERSION = YES;
				CLANG_WARN_DEPRECATED_OBJC_IMPLEMENTATIONS = YES;
				CLANG_WARN_DIRECT_OBJC_ISA_USAGE = YES_ERROR;
				CLANG_WARN_DOCUMENTATION_COMMENTS = YES;
				CLANG_WARN_EMPTY_BODY = YES;
				CLANG_WARN_ENUM_CONVERSION = YES;
				CLANG_WARN_INFINITE_RECURSION = YES;
				CLANG_WARN_INT_CONVERSION = YES;
				CLANG_WARN_NON_LITERAL_NULL_CONVERSION = YES;
				CLANG_WARN_OBJC_IMPLICIT_RETAIN_SELF = YES;
				CLANG_WARN_OBJC_LITERAL_CONVERSION = YES;
				CLANG_WARN_OBJC_ROOT_CLASS = YES_ERROR;
				CLANG_WARN_QUOTED_INCLUDE_IN_FRAMEWORK_HEADER = YES;
				CLANG_WARN_RANGE_LOOP_ANALYSIS = YES;
				CLANG_WARN_STRICT_PROTOTYPES = YES;
				CLANG_WARN_SUSPICIOUS_MOVE = YES;
				CLANG_WARN_UNGUARDED_AVAILABILITY = YES_AGGRESSIVE;
				CLANG_WARN_UNREACHABLE_CODE = YES;
				CLANG_WARN__DUPLICATE_METHOD_MATCH = YES;
				COPY_PHASE_STRIP = NO;
				DEBUG_INFORMATION_FORMAT = dwarf;
				ENABLE_STRICT_OBJC_MSGSEND = YES;
				ENABLE_TESTABILITY = YES;
				GCC_C_LANGUAGE_STANDARD = gnu11;
				GCC_DYNAMIC_NO_PIC = NO;
				GCC_NO_COMMON_BLOCKS = YES;
				GCC_OPTIMIZATION_LEVEL = 0;
				GCC_PREPROCESSOR_DEFINITIONS = (
					"DEBUG=1",
					"$(inherited)",
				);
				GCC_WARN_64_TO_32_BIT_CONVERSION = YES;
				GCC_WARN_ABOUT_RETURN_TYPE = YES_ERROR;
				GCC_WARN_UNDECLARED_SELECTOR = YES;
				GCC_WARN_UNINITIALIZED_AUTOS = YES_AGGRESSIVE;
				GCC_WARN_UNUSED_FUNCTION = YES;
				GCC_WARN_UNUSED_VARIABLE = YES;
				IPHONEOS_DEPLOYMENT_TARGET = 15.2;
				MTL_ENABLE_DEBUG_INFO = INCLUDE_SOURCE;
				MTL_FAST_MATH = YES;
				ONLY_ACTIVE_ARCH = YES;
				SDKROOT = iphoneos;
				SWIFT_ACTIVE_COMPILATION_CONDITIONS = DEBUG;
				SWIFT_OPTIMIZATION_LEVEL = "-Onone";
			};
			name = Debug;
		};
		69FBE84428034EA9007DB713 /* Release */ = {
			isa = XCBuildConfiguration;
			buildSettings = {
				ALWAYS_SEARCH_USER_PATHS = NO;
				CLANG_ANALYZER_NONNULL = YES;
				CLANG_ANALYZER_NUMBER_OBJECT_CONVERSION = YES_AGGRESSIVE;
				CLANG_CXX_LANGUAGE_STANDARD = "gnu++17";
				CLANG_CXX_LIBRARY = "libc++";
				CLANG_ENABLE_MODULES = YES;
				CLANG_ENABLE_OBJC_ARC = YES;
				CLANG_ENABLE_OBJC_WEAK = YES;
				CLANG_WARN_BLOCK_CAPTURE_AUTORELEASING = YES;
				CLANG_WARN_BOOL_CONVERSION = YES;
				CLANG_WARN_COMMA = YES;
				CLANG_WARN_CONSTANT_CONVERSION = YES;
				CLANG_WARN_DEPRECATED_OBJC_IMPLEMENTATIONS = YES;
				CLANG_WARN_DIRECT_OBJC_ISA_USAGE = YES_ERROR;
				CLANG_WARN_DOCUMENTATION_COMMENTS = YES;
				CLANG_WARN_EMPTY_BODY = YES;
				CLANG_WARN_ENUM_CONVERSION = YES;
				CLANG_WARN_INFINITE_RECURSION = YES;
				CLANG_WARN_INT_CONVERSION = YES;
				CLANG_WARN_NON_LITERAL_NULL_CONVERSION = YES;
				CLANG_WARN_OBJC_IMPLICIT_RETAIN_SELF = YES;
				CLANG_WARN_OBJC_LITERAL_CONVERSION = YES;
				CLANG_WARN_OBJC_ROOT_CLASS = YES_ERROR;
				CLANG_WARN_QUOTED_INCLUDE_IN_FRAMEWORK_HEADER = YES;
				CLANG_WARN_RANGE_LOOP_ANALYSIS = YES;
				CLANG_WARN_STRICT_PROTOTYPES = YES;
				CLANG_WARN_SUSPICIOUS_MOVE = YES;
				CLANG_WARN_UNGUARDED_AVAILABILITY = YES_AGGRESSIVE;
				CLANG_WARN_UNREACHABLE_CODE = YES;
				CLANG_WARN__DUPLICATE_METHOD_MATCH = YES;
				COPY_PHASE_STRIP = NO;
				DEBUG_INFORMATION_FORMAT = "dwarf-with-dsym";
				ENABLE_NS_ASSERTIONS = NO;
				ENABLE_STRICT_OBJC_MSGSEND = YES;
				GCC_C_LANGUAGE_STANDARD = gnu11;
				GCC_NO_COMMON_BLOCKS = YES;
				GCC_WARN_64_TO_32_BIT_CONVERSION = YES;
				GCC_WARN_ABOUT_RETURN_TYPE = YES_ERROR;
				GCC_WARN_UNDECLARED_SELECTOR = YES;
				GCC_WARN_UNINITIALIZED_AUTOS = YES_AGGRESSIVE;
				GCC_WARN_UNUSED_FUNCTION = YES;
				GCC_WARN_UNUSED_VARIABLE = YES;
				IPHONEOS_DEPLOYMENT_TARGET = 15.2;
				MTL_ENABLE_DEBUG_INFO = NO;
				MTL_FAST_MATH = YES;
				SDKROOT = iphoneos;
				SWIFT_COMPILATION_MODE = wholemodule;
				SWIFT_OPTIMIZATION_LEVEL = "-O";
				VALIDATE_PRODUCT = YES;
			};
			name = Release;
		};
		69FBE84628034EA9007DB713 /* Debug */ = {
			isa = XCBuildConfiguration;
			baseConfigurationReference = EECE12C43AFE27FFD7A18FB1 /* Pods-StockPrice.debug.xcconfig */;
			buildSettings = {
				ASSETCATALOG_COMPILER_APPICON_NAME = AppIcon;
				ASSETCATALOG_COMPILER_GLOBAL_ACCENT_COLOR_NAME = AccentColor;
				CODE_SIGN_STYLE = Automatic;
				CURRENT_PROJECT_VERSION = 1;
				GENERATE_INFOPLIST_FILE = YES;
				INFOPLIST_FILE = StockPrice/Info.plist;
				INFOPLIST_KEY_UIApplicationSupportsIndirectInputEvents = YES;
				INFOPLIST_KEY_UILaunchStoryboardName = LaunchScreen;
				INFOPLIST_KEY_UIMainStoryboardFile = Main;
				INFOPLIST_KEY_UISupportedInterfaceOrientations_iPad = "UIInterfaceOrientationPortrait UIInterfaceOrientationPortraitUpsideDown UIInterfaceOrientationLandscapeLeft UIInterfaceOrientationLandscapeRight";
				INFOPLIST_KEY_UISupportedInterfaceOrientations_iPhone = "UIInterfaceOrientationPortrait UIInterfaceOrientationLandscapeLeft UIInterfaceOrientationLandscapeRight";
				LD_RUNPATH_SEARCH_PATHS = (
					"$(inherited)",
					"@executable_path/Frameworks",
				);
				MARKETING_VERSION = 1.0;
				PRODUCT_BUNDLE_IDENTIFIER = edu.northeastern.jiaqi.StockPrice;
				PRODUCT_NAME = "$(TARGET_NAME)";
				SWIFT_EMIT_LOC_STRINGS = YES;
				SWIFT_VERSION = 5.0;
				TARGETED_DEVICE_FAMILY = "1,2";
			};
			name = Debug;
		};
		69FBE84728034EA9007DB713 /* Release */ = {
			isa = XCBuildConfiguration;
			baseConfigurationReference = 495DC2574ABE2FE58FE2ABE3 /* Pods-StockPrice.release.xcconfig */;
			buildSettings = {
				ASSETCATALOG_COMPILER_APPICON_NAME = AppIcon;
				ASSETCATALOG_COMPILER_GLOBAL_ACCENT_COLOR_NAME = AccentColor;
				CODE_SIGN_STYLE = Automatic;
				CURRENT_PROJECT_VERSION = 1;
				GENERATE_INFOPLIST_FILE = YES;
				INFOPLIST_FILE = StockPrice/Info.plist;
				INFOPLIST_KEY_UIApplicationSupportsIndirectInputEvents = YES;
				INFOPLIST_KEY_UILaunchStoryboardName = LaunchScreen;
				INFOPLIST_KEY_UIMainStoryboardFile = Main;
				INFOPLIST_KEY_UISupportedInterfaceOrientations_iPad = "UIInterfaceOrientationPortrait UIInterfaceOrientationPortraitUpsideDown UIInterfaceOrientationLandscapeLeft UIInterfaceOrientationLandscapeRight";
				INFOPLIST_KEY_UISupportedInterfaceOrientations_iPhone = "UIInterfaceOrientationPortrait UIInterfaceOrientationLandscapeLeft UIInterfaceOrientationLandscapeRight";
				LD_RUNPATH_SEARCH_PATHS = (
					"$(inherited)",
					"@executable_path/Frameworks",
				);
				MARKETING_VERSION = 1.0;
				PRODUCT_BUNDLE_IDENTIFIER = edu.northeastern.jiaqi.StockPrice;
				PRODUCT_NAME = "$(TARGET_NAME)";
				SWIFT_EMIT_LOC_STRINGS = YES;
				SWIFT_VERSION = 5.0;
				TARGETED_DEVICE_FAMILY = "1,2";
			};
			name = Release;
		};
/* End XCBuildConfiguration section */

/* Begin XCConfigurationList section */
		69FBE82C28034EA4007DB713 /* Build configuration list for PBXProject "StockPrice" */ = {
			isa = XCConfigurationList;
			buildConfigurations = (
				69FBE84328034EA9007DB713 /* Debug */,
				69FBE84428034EA9007DB713 /* Release */,
			);
			defaultConfigurationIsVisible = 0;
			defaultConfigurationName = Release;
		};
		69FBE84528034EA9007DB713 /* Build configuration list for PBXNativeTarget "StockPrice" */ = {
			isa = XCConfigurationList;
			buildConfigurations = (
				69FBE84628034EA9007DB713 /* Debug */,
				69FBE84728034EA9007DB713 /* Release */,
			);
			defaultConfigurationIsVisible = 0;
			defaultConfigurationName = Release;
		};
/* End XCConfigurationList section */
	};
	rootObject = 69FBE82928034EA4007DB713 /* Project object */;
}
